
Microsoft Visual Studio Solution File, Format Version 12.00
# Visual Studio Version 17
VisualStudioVersion = 17.4.33213.308
MinimumVisualStudioVersion = 10.0.40219.1
Project("{F184B08F-C81C-45F6-A57F-5ABD9991F28F}") = "biki", "biki\biki.vbproj", "{D40719E1-220A-41C8-80FD-45519F8B0AAB}"
EndProject
Global
	GlobalSection(SolutionConfigurationPlatforms) = preSolution
		Debug|Any CPU = Debug|Any CPU
		Release|Any CPU = Release|Any CPU
	EndGlobalSection
	GlobalSection(ProjectConfigurationPlatforms) = postSolution
		{D40719E1-220A-41C8-80FD-45519F8B0AAB}.Debug|Any CPU.ActiveCfg = Debug|Any CPU
		{D40719E1-220A-41C8-80FD-45519F8B0AAB}.Debug|Any CPU.Build.0 = Debug|Any CPU
		{D40719E1-220A-41C8-80FD-45519F8B0AAB}.Release|Any CPU.ActiveCfg = Release|Any CPU
		{D40719E1-220A-41C8-80FD-45519F8B0AAB}.Release|Any CPU.Build.0 = Release|Any CPU
	EndGlobalSection
	GlobalSection(SolutionProperties) = preSolution
		HideSolutionNode = FALSE
	EndGlobalSection
	GlobalSection(ExtensibilityGlobals) = postSolution
		SolutionGuid = {872293FD-6AFA-4A57-B347-E4A714185AFA}
	EndGlobalSection
EndGlobal
